
Microsoft Visual Studio Solution File, Format Version 12.00
# Visual Studio Version 16
VisualStudioVersion = 16.0.31424.327
MinimumVisualStudioVersion = 10.0.40219.1
Project("{FAE04EC0-301F-11D3-BF4B-00C04F79EFBC}") = "DiscordLOLader", "DiscordLOLader\DiscordLOLader.csproj", "{F50014DC-4AB4-40F1-B92F-EDDB1A9A7517}"
EndProject
Global
	GlobalSection(SolutionConfigurationPlatforms) = preSolution
		Debug|Any CPU = Debug|Any CPU
		Release|Any CPU = Release|Any CPU
	EndGlobalSection
	GlobalSection(ProjectConfigurationPlatforms) = postSolution
		{F50014DC-4AB4-40F1-B92F-EDDB1A9A7517}.Debug|Any CPU.ActiveCfg = Debug|Any CPU
		{F50014DC-4AB4-40F1-B92F-EDDB1A9A7517}.Debug|Any CPU.Build.0 = Debug|Any CPU
		{F50014DC-4AB4-40F1-B92F-EDDB1A9A7517}.Release|Any CPU.ActiveCfg = Release|Any CPU
		{F50014DC-4AB4-40F1-B92F-EDDB1A9A7517}.Release|Any CPU.Build.0 = Release|Any CPU
	EndGlobalSection
	GlobalSection(SolutionProperties) = preSolution
		HideSolutionNode = FALSE
	EndGlobalSection
	GlobalSection(ExtensibilityGlobals) = postSolution
		SolutionGuid = {D0FCBDE8-1337-4877-B76C-73A7636377A8}
	EndGlobalSection
EndGlobal
